
Microsoft Visual Studio Solution File, Format Version 12.00
# Visual Studio Version 17
VisualStudioVersion = 17.7.34024.191
MinimumVisualStudioVersion = 10.0.40219.1
Project("{FAE04EC0-301F-11D3-BF4B-00C04F79EFBC}") = "Car", "Car\Car.csproj", "{3E0D6AD4-901E-447B-A1B2-BEFEB2492FA2}"
EndProject
Global
	GlobalSection(SolutionConfigurationPlatforms) = preSolution
		Debug|Any CPU = Debug|Any CPU
		Release|Any CPU = Release|Any CPU
	EndGlobalSection
	GlobalSection(ProjectConfigurationPlatforms) = postSolution
		{3E0D6AD4-901E-447B-A1B2-BEFEB2492FA2}.Debug|Any CPU.ActiveCfg = Debug|Any CPU
		{3E0D6AD4-901E-447B-A1B2-BEFEB2492FA2}.Debug|Any CPU.Build.0 = Debug|Any CPU
		{3E0D6AD4-901E-447B-A1B2-BEFEB2492FA2}.Release|Any CPU.ActiveCfg = Release|Any CPU
		{3E0D6AD4-901E-447B-A1B2-BEFEB2492FA2}.Release|Any CPU.Build.0 = Release|Any CPU
	EndGlobalSection
	GlobalSection(SolutionProperties) = preSolution
		HideSolutionNode = FALSE
	EndGlobalSection
	GlobalSection(ExtensibilityGlobals) = postSolution
		SolutionGuid = {B2A4DA78-1768-433B-802F-8F3DAE0C0445}
	EndGlobalSection
EndGlobal
