
Microsoft Visual Studio Solution File, Format Version 12.00
# Visual Studio Version 17
VisualStudioVersion = 17.7.34024.191
MinimumVisualStudioVersion = 10.0.40219.1
Project("{FAE04EC0-301F-11D3-BF4B-00C04F79EFBC}") = "ListElement", "ListElement\ListElement.csproj", "{79DA0401-AD0C-484D-AEF7-75DCE1E15090}"
EndProject
Global
	GlobalSection(SolutionConfigurationPlatforms) = preSolution
		Debug|Any CPU = Debug|Any CPU
		Release|Any CPU = Release|Any CPU
	EndGlobalSection
	GlobalSection(ProjectConfigurationPlatforms) = postSolution
		{79DA0401-AD0C-484D-AEF7-75DCE1E15090}.Debug|Any CPU.ActiveCfg = Debug|Any CPU
		{79DA0401-AD0C-484D-AEF7-75DCE1E15090}.Debug|Any CPU.Build.0 = Debug|Any CPU
		{79DA0401-AD0C-484D-AEF7-75DCE1E15090}.Release|Any CPU.ActiveCfg = Release|Any CPU
		{79DA0401-AD0C-484D-AEF7-75DCE1E15090}.Release|Any CPU.Build.0 = Release|Any CPU
	EndGlobalSection
	GlobalSection(SolutionProperties) = preSolution
		HideSolutionNode = FALSE
	EndGlobalSection
	GlobalSection(ExtensibilityGlobals) = postSolution
		SolutionGuid = {C93664A4-BA36-4F6B-87DA-40A791EB8A46}
	EndGlobalSection
EndGlobal
