
Microsoft Visual Studio Solution File, Format Version 12.00
# Visual Studio Version 17
VisualStudioVersion = 17.7.34024.191
MinimumVisualStudioVersion = 10.0.40219.1
Project("{FAE04EC0-301F-11D3-BF4B-00C04F79EFBC}") = "Project_4", "Project_4\Project_4.csproj", "{2643C5EB-EECC-4555-AC97-DB148B693EEC}"
EndProject
Global
	GlobalSection(SolutionConfigurationPlatforms) = preSolution
		Debug|Any CPU = Debug|Any CPU
		Release|Any CPU = Release|Any CPU
	EndGlobalSection
	GlobalSection(ProjectConfigurationPlatforms) = postSolution
		{2643C5EB-EECC-4555-AC97-DB148B693EEC}.Debug|Any CPU.ActiveCfg = Debug|Any CPU
		{2643C5EB-EECC-4555-AC97-DB148B693EEC}.Debug|Any CPU.Build.0 = Debug|Any CPU
		{2643C5EB-EECC-4555-AC97-DB148B693EEC}.Release|Any CPU.ActiveCfg = Release|Any CPU
		{2643C5EB-EECC-4555-AC97-DB148B693EEC}.Release|Any CPU.Build.0 = Release|Any CPU
	EndGlobalSection
	GlobalSection(SolutionProperties) = preSolution
		HideSolutionNode = FALSE
	EndGlobalSection
	GlobalSection(ExtensibilityGlobals) = postSolution
		SolutionGuid = {113A5574-9285-4D19-99C5-C9210AA48EA5}
	EndGlobalSection
EndGlobal
