
Microsoft Visual Studio Solution File, Format Version 12.00
# Visual Studio Version 17
VisualStudioVersion = 17.7.34024.191
MinimumVisualStudioVersion = 10.0.40219.1
Project("{FAE04EC0-301F-11D3-BF4B-00C04F79EFBC}") = "BubbleSort", "BubbleSort\BubbleSort.csproj", "{C89599E4-5C49-4223-B299-797618DA93A3}"
EndProject
Global
	GlobalSection(SolutionConfigurationPlatforms) = preSolution
		Debug|Any CPU = Debug|Any CPU
		Release|Any CPU = Release|Any CPU
	EndGlobalSection
	GlobalSection(ProjectConfigurationPlatforms) = postSolution
		{C89599E4-5C49-4223-B299-797618DA93A3}.Debug|Any CPU.ActiveCfg = Debug|Any CPU
		{C89599E4-5C49-4223-B299-797618DA93A3}.Debug|Any CPU.Build.0 = Debug|Any CPU
		{C89599E4-5C49-4223-B299-797618DA93A3}.Release|Any CPU.ActiveCfg = Release|Any CPU
		{C89599E4-5C49-4223-B299-797618DA93A3}.Release|Any CPU.Build.0 = Release|Any CPU
	EndGlobalSection
	GlobalSection(SolutionProperties) = preSolution
		HideSolutionNode = FALSE
	EndGlobalSection
	GlobalSection(ExtensibilityGlobals) = postSolution
		SolutionGuid = {764E9FD2-D531-458E-A8D3-E0A3FD849831}
	EndGlobalSection
EndGlobal
