
Microsoft Visual Studio Solution File, Format Version 12.00
# Visual Studio Version 17
VisualStudioVersion = 17.7.34024.191
MinimumVisualStudioVersion = 10.0.40219.1
Project("{FAE04EC0-301F-11D3-BF4B-00C04F79EFBC}") = "ArrayClass", "ArrayClass\ArrayClass.csproj", "{85CC09DA-77AD-49C7-BDCA-1B6635DCC93B}"
EndProject
Global
	GlobalSection(SolutionConfigurationPlatforms) = preSolution
		Debug|Any CPU = Debug|Any CPU
		Release|Any CPU = Release|Any CPU
	EndGlobalSection
	GlobalSection(ProjectConfigurationPlatforms) = postSolution
		{85CC09DA-77AD-49C7-BDCA-1B6635DCC93B}.Debug|Any CPU.ActiveCfg = Debug|Any CPU
		{85CC09DA-77AD-49C7-BDCA-1B6635DCC93B}.Debug|Any CPU.Build.0 = Debug|Any CPU
		{85CC09DA-77AD-49C7-BDCA-1B6635DCC93B}.Release|Any CPU.ActiveCfg = Release|Any CPU
		{85CC09DA-77AD-49C7-BDCA-1B6635DCC93B}.Release|Any CPU.Build.0 = Release|Any CPU
	EndGlobalSection
	GlobalSection(SolutionProperties) = preSolution
		HideSolutionNode = FALSE
	EndGlobalSection
	GlobalSection(ExtensibilityGlobals) = postSolution
		SolutionGuid = {2298EB9F-2485-48C8-B34D-C080A19AFB59}
	EndGlobalSection
EndGlobal
