
Microsoft Visual Studio Solution File, Format Version 12.00
# Visual Studio Version 17
VisualStudioVersion = 17.8.34330.188
MinimumVisualStudioVersion = 10.0.40219.1
Project("{8BC9CEB8-8B4A-11D0-8D11-00A0C91BC942}") = "day2", "day2\day2.vcxproj", "{94C75FF4-4C93-4860-8001-1F7115B11CCC}"
EndProject
Global
	GlobalSection(SolutionConfigurationPlatforms) = preSolution
		Debug|x64 = Debug|x64
		Debug|x86 = Debug|x86
		Release|x64 = Release|x64
		Release|x86 = Release|x86
	EndGlobalSection
	GlobalSection(ProjectConfigurationPlatforms) = postSolution
		{94C75FF4-4C93-4860-8001-1F7115B11CCC}.Debug|x64.ActiveCfg = Debug|x64
		{94C75FF4-4C93-4860-8001-1F7115B11CCC}.Debug|x64.Build.0 = Debug|x64
		{94C75FF4-4C93-4860-8001-1F7115B11CCC}.Debug|x86.ActiveCfg = Debug|Win32
		{94C75FF4-4C93-4860-8001-1F7115B11CCC}.Debug|x86.Build.0 = Debug|Win32
		{94C75FF4-4C93-4860-8001-1F7115B11CCC}.Release|x64.ActiveCfg = Release|x64
		{94C75FF4-4C93-4860-8001-1F7115B11CCC}.Release|x64.Build.0 = Release|x64
		{94C75FF4-4C93-4860-8001-1F7115B11CCC}.Release|x86.ActiveCfg = Release|Win32
		{94C75FF4-4C93-4860-8001-1F7115B11CCC}.Release|x86.Build.0 = Release|Win32
	EndGlobalSection
	GlobalSection(SolutionProperties) = preSolution
		HideSolutionNode = FALSE
	EndGlobalSection
	GlobalSection(ExtensibilityGlobals) = postSolution
		SolutionGuid = {03C33CD2-842E-4A08-8A33-A4CB14F3AB2E}
	EndGlobalSection
EndGlobal
