
Microsoft Visual Studio Solution File, Format Version 12.00
# Visual Studio Version 17
VisualStudioVersion = 17.7.34024.191
MinimumVisualStudioVersion = 10.0.40219.1
Project("{FAE04EC0-301F-11D3-BF4B-00C04F79EFBC}") = "ModifierAccess", "ModifierAccess\ModifierAccess.csproj", "{31C40DEF-EDF4-4129-AB9A-F06EC6C712B8}"
EndProject
Global
	GlobalSection(SolutionConfigurationPlatforms) = preSolution
		Debug|Any CPU = Debug|Any CPU
		Release|Any CPU = Release|Any CPU
	EndGlobalSection
	GlobalSection(ProjectConfigurationPlatforms) = postSolution
		{31C40DEF-EDF4-4129-AB9A-F06EC6C712B8}.Debug|Any CPU.ActiveCfg = Debug|Any CPU
		{31C40DEF-EDF4-4129-AB9A-F06EC6C712B8}.Debug|Any CPU.Build.0 = Debug|Any CPU
		{31C40DEF-EDF4-4129-AB9A-F06EC6C712B8}.Release|Any CPU.ActiveCfg = Release|Any CPU
		{31C40DEF-EDF4-4129-AB9A-F06EC6C712B8}.Release|Any CPU.Build.0 = Release|Any CPU
	EndGlobalSection
	GlobalSection(SolutionProperties) = preSolution
		HideSolutionNode = FALSE
	EndGlobalSection
	GlobalSection(ExtensibilityGlobals) = postSolution
		SolutionGuid = {D194F804-645C-4AE4-9499-CCB4A40E0B80}
	EndGlobalSection
EndGlobal
