
Microsoft Visual Studio Solution File, Format Version 12.00
# Visual Studio Version 17
VisualStudioVersion = 17.7.34024.191
MinimumVisualStudioVersion = 10.0.40219.1
Project("{FAE04EC0-301F-11D3-BF4B-00C04F79EFBC}") = "PrimeOutput", "PrimeOutput\PrimeOutput.csproj", "{64D14128-365F-49F8-91B6-580727F3B077}"
EndProject
Global
	GlobalSection(SolutionConfigurationPlatforms) = preSolution
		Debug|Any CPU = Debug|Any CPU
		Release|Any CPU = Release|Any CPU
	EndGlobalSection
	GlobalSection(ProjectConfigurationPlatforms) = postSolution
		{64D14128-365F-49F8-91B6-580727F3B077}.Debug|Any CPU.ActiveCfg = Debug|Any CPU
		{64D14128-365F-49F8-91B6-580727F3B077}.Debug|Any CPU.Build.0 = Debug|Any CPU
		{64D14128-365F-49F8-91B6-580727F3B077}.Release|Any CPU.ActiveCfg = Release|Any CPU
		{64D14128-365F-49F8-91B6-580727F3B077}.Release|Any CPU.Build.0 = Release|Any CPU
	EndGlobalSection
	GlobalSection(SolutionProperties) = preSolution
		HideSolutionNode = FALSE
	EndGlobalSection
	GlobalSection(ExtensibilityGlobals) = postSolution
		SolutionGuid = {FA3E7512-DB23-4517-9E71-FAA5A2C6B095}
	EndGlobalSection
EndGlobal
