
Microsoft Visual Studio Solution File, Format Version 12.00
# Visual Studio Version 17
VisualStudioVersion = 17.7.34024.191
MinimumVisualStudioVersion = 10.0.40219.1
Project("{FAE04EC0-301F-11D3-BF4B-00C04F79EFBC}") = "RandomTest", "RandomTest\RandomTest.csproj", "{2B02390E-EE41-4220-89D4-EF91A3EF0434}"
EndProject
Global
	GlobalSection(SolutionConfigurationPlatforms) = preSolution
		Debug|Any CPU = Debug|Any CPU
		Release|Any CPU = Release|Any CPU
	EndGlobalSection
	GlobalSection(ProjectConfigurationPlatforms) = postSolution
		{2B02390E-EE41-4220-89D4-EF91A3EF0434}.Debug|Any CPU.ActiveCfg = Debug|Any CPU
		{2B02390E-EE41-4220-89D4-EF91A3EF0434}.Debug|Any CPU.Build.0 = Debug|Any CPU
		{2B02390E-EE41-4220-89D4-EF91A3EF0434}.Release|Any CPU.ActiveCfg = Release|Any CPU
		{2B02390E-EE41-4220-89D4-EF91A3EF0434}.Release|Any CPU.Build.0 = Release|Any CPU
	EndGlobalSection
	GlobalSection(SolutionProperties) = preSolution
		HideSolutionNode = FALSE
	EndGlobalSection
	GlobalSection(ExtensibilityGlobals) = postSolution
		SolutionGuid = {E366828E-B83C-4911-8EE6-6E72E1AE600C}
	EndGlobalSection
EndGlobal
